// !$*UTF8*$!
{
	archiveVersion = 1;
	classes = {
	};
	objectVersion = 50;
	objects = {

/* Begin PBXBuildFile section */
		D4FE2721223613F0008BAA7F /* main.cpp in Sources */ = {isa = PBXBuildFile; fileRef = D4FE2720223613F0008BAA7F /* main.cpp */; };
		D4FE2729223614E5008BAA7F /* FibonacciImpl.cpp in Sources */ = {isa = PBXBuildFile; fileRef = D4FE2727223614E5008BAA7F /* FibonacciImpl.cpp */; };
		D4FE27322236EFDC008BAA7F /* BaseConverter.cpp in Sources */ = {isa = PBXBuildFile; fileRef = D4FE27312236EFDB008BAA7F /* BaseConverter.cpp */; };
		D4FE273522371F05008BAA7F /* FiboResult.cpp in Sources */ = {isa = PBXBuildFile; fileRef = D4FE273422371F05008BAA7F /* FiboResult.cpp */; };
/* End PBXBuildFile section */

/* Begin PBXCopyFilesBuildPhase section */
		D4FE271B223613F0008BAA7F /* CopyFiles */ = {
			isa = PBXCopyFilesBuildPhase;
			buildActionMask = 2147483647;
			dstPath = /usr/share/man/man1/;
			dstSubfolderSpec = 0;
			files = (
			);
			runOnlyForDeploymentPostprocessing = 1;
		};
/* End PBXCopyFilesBuildPhase section */

/* Begin PBXFileReference section */
		D4FE271D223613F0008BAA7F /* FibonacciTest */ = {isa = PBXFileReference; explicitFileType = "compiled.mach-o.executable"; includeInIndex = 0; path = FibonacciTest; sourceTree = BUILT_PRODUCTS_DIR; };
		D4FE2720223613F0008BAA7F /* main.cpp */ = {isa = PBXFileReference; lastKnownFileType = sourcecode.cpp.cpp; path = main.cpp; sourceTree = "<group>"; };
		D4FE2727223614E5008BAA7F /* FibonacciImpl.cpp */ = {isa = PBXFileReference; lastKnownFileType = sourcecode.cpp.cpp; path = FibonacciImpl.cpp; sourceTree = "<group>"; };
		D4FE272A2236151A008BAA7F /* FibonacciImpl.h */ = {isa = PBXFileReference; lastKnownFileType = sourcecode.c.h; path = FibonacciImpl.h; sourceTree = "<group>"; };
		D4FE27302236EF90008BAA7F /* BaseConverter.h */ = {isa = PBXFileReference; lastKnownFileType = sourcecode.c.h; path = BaseConverter.h; sourceTree = "<group>"; };
		D4FE27312236EFDB008BAA7F /* BaseConverter.cpp */ = {isa = PBXFileReference; lastKnownFileType = sourcecode.cpp.cpp; path = BaseConverter.cpp; sourceTree = "<group>"; };
		D4FE273322371EA4008BAA7F /* FiboResult.h */ = {isa = PBXFileReference; lastKnownFileType = sourcecode.c.h; path = FiboResult.h; sourceTree = "<group>"; };
		D4FE273422371F05008BAA7F /* FiboResult.cpp */ = {isa = PBXFileReference; lastKnownFileType = sourcecode.cpp.cpp; path = FiboResult.cpp; sourceTree = "<group>"; };
/* End PBXFileReference section */

/* Begin PBXFrameworksBuildPhase section */
		D4FE271A223613F0008BAA7F /* Frameworks */ = {
			isa = PBXFrameworksBuildPhase;
			buildActionMask = 2147483647;
			files = (
			);
			runOnlyForDeploymentPostprocessing = 0;
		};
/* End PBXFrameworksBuildPhase section */

/* Begin PBXGroup section */
		D4FE2714223613F0008BAA7F = {
			isa = PBXGroup;
			children = (
				D4FE271F223613F0008BAA7F /* FibonacciTest */,
				D4FE271E223613F0008BAA7F /* Products */,
			);
			sourceTree = "<group>";
		};
		D4FE271E223613F0008BAA7F /* Products */ = {
			isa = PBXGroup;
			children = (
				D4FE271D223613F0008BAA7F /* FibonacciTest */,
			);
			name = Products;
			sourceTree = "<group>";
		};
		D4FE271F223613F0008BAA7F /* FibonacciTest */ = {
			isa = PBXGroup;
			children = (
				D4FE2720223613F0008BAA7F /* main.cpp */,
				D4FE2727223614E5008BAA7F /* FibonacciImpl.cpp */,
				D4FE272A2236151A008BAA7F /* FibonacciImpl.h */,
				D4FE27302236EF90008BAA7F /* BaseConverter.h */,
				D4FE27312236EFDB008BAA7F /* BaseConverter.cpp */,
				D4FE273322371EA4008BAA7F /* FiboResult.h */,
				D4FE273422371F05008BAA7F /* FiboResult.cpp */,
			);
			path = FibonacciTest;
			sourceTree = "<group>";
		};
/* End PBXGroup section */

/* Begin PBXNativeTarget section */
		D4FE271C223613F0008BAA7F /* FibonacciTest */ = {
			isa = PBXNativeTarget;
			buildConfigurationList = D4FE2724223613F0008BAA7F /* Build configuration list for PBXNativeTarget "FibonacciTest" */;
			buildPhases = (
				D4FE2719223613F0008BAA7F /* Sources */,
				D4FE271A223613F0008BAA7F /* Frameworks */,
				D4FE271B223613F0008BAA7F /* CopyFiles */,
			);
			buildRules = (
			);
			dependencies = (
			);
			name = FibonacciTest;
			productName = FibonacciTest;
			productReference = D4FE271D223613F0008BAA7F /* FibonacciTest */;
			productType = "com.apple.product-type.tool";
		};
/* End PBXNativeTarget section */

/* Begin PBXProject section */
		D4FE2715223613F0008BAA7F /* Project object */ = {
			isa = PBXProject;
			attributes = {
				LastUpgradeCheck = 1010;
				ORGANIZATIONNAME = "Abijith Kumar";
				TargetAttributes = {
					D4FE271C223613F0008BAA7F = {
						CreatedOnToolsVersion = 10.1;
					};
				};
			};
			buildConfigurationList = D4FE2718223613F0008BAA7F /* Build configuration list for PBXProject "FibonacciTest" */;
			compatibilityVersion = "Xcode 9.3";
			developmentRegion = en;
			hasScannedForEncodings = 0;
			knownRegions = (
				en,
			);
			mainGroup = D4FE2714223613F0008BAA7F;
			productRefGroup = D4FE271E223613F0008BAA7F /* Products */;
			projectDirPath = "";
			projectRoot = "";
			targets = (
				D4FE271C223613F0008BAA7F /* FibonacciTest */,
			);
		};
/* End PBXProject section */

/* Begin PBXSourcesBuildPhase section */
		D4FE2719223613F0008BAA7F /* Sources */ = {
			isa = PBXSourcesBuildPhase;
			buildActionMask = 2147483647;
			files = (
				D4FE2729223614E5008BAA7F /* FibonacciImpl.cpp in Sources */,
				D4FE27322236EFDC008BAA7F /* BaseConverter.cpp in Sources */,
				D4FE273522371F05008BAA7F /* FiboResult.cpp in Sources */,
				D4FE2721223613F0008BAA7F /* main.cpp in Sources */,
			);
			runOnlyForDeploymentPostprocessing = 0;
		};
/* End PBXSourcesBuildPhase section */

/* Begin XCBuildConfiguration section */
		D4FE2722223613F0008BAA7F /* Debug */ = {
			isa = XCBuildConfiguration;
			buildSettings = {
				ALWAYS_SEARCH_USER_PATHS = NO;
				CLANG_ANALYZER_NONNULL = YES;
				CLANG_ANALYZER_NUMBER_OBJECT_CONVERSION = YES_AGGRESSIVE;
				CLANG_CXX_LANGUAGE_STANDARD = "gnu++14";
				CLANG_CXX_LIBRARY = "libc++";
				CLANG_ENABLE_MODULES = YES;
				CLANG_ENABLE_OBJC_ARC = YES;
				CLANG_ENABLE_OBJC_WEAK = YES;
				CLANG_WARN_BLOCK_CAPTURE_AUTORELEASING = YES;
				CLANG_WARN_BOOL_CONVERSION = YES;
				CLANG_WARN_COMMA = YES;
				CLANG_WARN_CONSTANT_CONVERSION = YES;
				CLANG_WARN_DEPRECATED_OBJC_IMPLEMENTATIONS = YES;
				CLANG_WARN_DIRECT_OBJC_ISA_USAGE = YES_ERROR;
				CLANG_WARN_DOCUMENTATION_COMMENTS = YES;
				CLANG_WARN_EMPTY_BODY = YES;
				CLANG_WARN_ENUM_CONVERSION = YES;
				CLANG_WARN_INFINITE_RECURSION = YES;
				CLANG_WARN_INT_CONVERSION = YES;
				CLANG_WARN_NON_LITERAL_NULL_CONVERSION = YES;
				CLANG_WARN_OBJC_IMPLICIT_RETAIN_SELF = YES;
				CLANG_WARN_OBJC_LITERAL_CONVERSION = YES;
				CLANG_WARN_OBJC_ROOT_CLASS = YES_ERROR;
				CLANG_WARN_RANGE_LOOP_ANALYSIS = YES;
				CLANG_WARN_STRICT_PROTOTYPES = YES;
				CLANG_WARN_SUSPICIOUS_MOVE = YES;
				CLANG_WARN_UNGUARDED_AVAILABILITY = YES_AGGRESSIVE;
				CLANG_WARN_UNREACHABLE_CODE = YES;
				CLANG_WARN__DUPLICATE_METHOD_MATCH = YES;
				CODE_SIGN_IDENTITY = "-";
				COPY_PHASE_STRIP = NO;
				DEBUG_INFORMATION_FORMAT = dwarf;
				ENABLE_STRICT_OBJC_MSGSEND = YES;
				ENABLE_TESTABILITY = YES;
				GCC_C_LANGUAGE_STANDARD = gnu11;
				GCC_DYNAMIC_NO_PIC = NO;
				GCC_NO_COMMON_BLOCKS = YES;
				GCC_OPTIMIZATION_LEVEL = 0;
				GCC_PREPROCESSOR_DEFINITIONS = (
					"DEBUG=1",
					"$(inherited)",
				);
				GCC_WARN_64_TO_32_BIT_CONVERSION = YES;
				GCC_WARN_ABOUT_RETURN_TYPE = YES_ERROR;
				GCC_WARN_UNDECLARED_SELECTOR = YES;
				GCC_WARN_UNINITIALIZED_AUTOS = YES_AGGRESSIVE;
				GCC_WARN_UNUSED_FUNCTION = YES;
				GCC_WARN_UNUSED_VARIABLE = YES;
				MACOSX_DEPLOYMENT_TARGET = 10.13;
				MTL_ENABLE_DEBUG_INFO = INCLUDE_SOURCE;
				MTL_FAST_MATH = YES;
				ONLY_ACTIVE_ARCH = YES;
				SDKROOT = macosx;
			};
			name = Debug;
		};
		D4FE2723223613F0008BAA7F /* Release */ = {
			isa = XCBuildConfiguration;
			buildSettings = {
				ALWAYS_SEARCH_USER_PATHS = NO;
				CLANG_ANALYZER_NONNULL = YES;
				CLANG_ANALYZER_NUMBER_OBJECT_CONVERSION = YES_AGGRESSIVE;
				CLANG_CXX_LANGUAGE_STANDARD = "gnu++14";
				CLANG_CXX_LIBRARY = "libc++";
				CLANG_ENABLE_MODULES = YES;
				CLANG_ENABLE_OBJC_ARC = YES;
				CLANG_ENABLE_OBJC_WEAK = YES;
				CLANG_WARN_BLOCK_CAPTURE_AUTORELEASING = YES;
				CLANG_WARN_BOOL_CONVERSION = YES;
				CLANG_WARN_COMMA = YES;
				CLANG_WARN_CONSTANT_CONVERSION = YES;
				CLANG_WARN_DEPRECATED_OBJC_IMPLEMENTATIONS = YES;
				CLANG_WARN_DIRECT_OBJC_ISA_USAGE = YES_ERROR;
				CLANG_WARN_DOCUMENTATION_COMMENTS = YES;
				CLANG_WARN_EMPTY_BODY = YES;
				CLANG_WARN_ENUM_CONVERSION = YES;
				CLANG_WARN_INFINITE_RECURSION = YES;
				CLANG_WARN_INT_CONVERSION = YES;
				CLANG_WARN_NON_LITERAL_NULL_CONVERSION = YES;
				CLANG_WARN_OBJC_IMPLICIT_RETAIN_SELF = YES;
				CLANG_WARN_OBJC_LITERAL_CONVERSION = YES;
				CLANG_WARN_OBJC_ROOT_CLASS = YES_ERROR;
				CLANG_WARN_RANGE_LOOP_ANALYSIS = YES;
				CLANG_WARN_STRICT_PROTOTYPES = YES;
				CLANG_WARN_SUSPICIOUS_MOVE = YES;
				CLANG_WARN_UNGUARDED_AVAILABILITY = YES_AGGRESSIVE;
				CLANG_WARN_UNREACHABLE_CODE = YES;
				CLANG_WARN__DUPLICATE_METHOD_MATCH = YES;
				CODE_SIGN_IDENTITY = "-";
				COPY_PHASE_STRIP = NO;
				DEBUG_INFORMATION_FORMAT = "dwarf-with-dsym";
				ENABLE_NS_ASSERTIONS = NO;
				ENABLE_STRICT_OBJC_MSGSEND = YES;
				GCC_C_LANGUAGE_STANDARD = gnu11;
				GCC_NO_COMMON_BLOCKS = YES;
				GCC_WARN_64_TO_32_BIT_CONVERSION = YES;
				GCC_WARN_ABOUT_RETURN_TYPE = YES_ERROR;
				GCC_WARN_UNDECLARED_SELECTOR = YES;
				GCC_WARN_UNINITIALIZED_AUTOS = YES_AGGRESSIVE;
				GCC_WARN_UNUSED_FUNCTION = YES;
				GCC_WARN_UNUSED_VARIABLE = YES;
				MACOSX_DEPLOYMENT_TARGET = 10.13;
				MTL_ENABLE_DEBUG_INFO = NO;
				MTL_FAST_MATH = YES;
				SDKROOT = macosx;
			};
			name = Release;
		};
		D4FE2725223613F0008BAA7F /* Debug */ = {
			isa = XCBuildConfiguration;
			buildSettings = {
				CODE_SIGN_STYLE = Automatic;
				PRODUCT_NAME = "$(TARGET_NAME)";
			};
			name = Debug;
		};
		D4FE2726223613F0008BAA7F /* Release */ = {
			isa = XCBuildConfiguration;
			buildSettings = {
				CODE_SIGN_STYLE = Automatic;
				PRODUCT_NAME = "$(TARGET_NAME)";
			};
			name = Release;
		};
/* End XCBuildConfiguration section */

/* Begin XCConfigurationList section */
		D4FE2718223613F0008BAA7F /* Build configuration list for PBXProject "FibonacciTest" */ = {
			isa = XCConfigurationList;
			buildConfigurations = (
				D4FE2722223613F0008BAA7F /* Debug */,
				D4FE2723223613F0008BAA7F /* Release */,
			);
			defaultConfigurationIsVisible = 0;
			defaultConfigurationName = Release;
		};
		D4FE2724223613F0008BAA7F /* Build configuration list for PBXNativeTarget "FibonacciTest" */ = {
			isa = XCConfigurationList;
			buildConfigurations = (
				D4FE2725223613F0008BAA7F /* Debug */,
				D4FE2726223613F0008BAA7F /* Release */,
			);
			defaultConfigurationIsVisible = 0;
			defaultConfigurationName = Release;
		};
/* End XCConfigurationList section */
	};
	rootObject = D4FE2715223613F0008BAA7F /* Project object */;
}
